
Microsoft Visual Studio Solution File, Format Version 12.00
# Visual Studio 15
VisualStudioVersion = 15.0.28307.421
MinimumVisualStudioVersion = 10.0.40219.1
Project("{FAE04EC0-301F-11D3-BF4B-00C04F79EFBC}") = "WordChain", "WordChain\WordChain.csproj", "{4E73A423-4414-4670-A7AB-9F935A83B183}"
EndProject
Project("{FAE04EC0-301F-11D3-BF4B-00C04F79EFBC}") = "WordChainTests", "WordChainTests\WordChainTests.csproj", "{30C38F51-8DE4-4B88-810D-119CA35F2D12}"
EndProject
Global
	GlobalSection(SolutionConfigurationPlatforms) = preSolution
		Debug|Any CPU = Debug|Any CPU
		Release|Any CPU = Release|Any CPU
	EndGlobalSection
	GlobalSection(ProjectConfigurationPlatforms) = postSolution
		{4E73A423-4414-4670-A7AB-9F935A83B183}.Debug|Any CPU.ActiveCfg = Debug|Any CPU
		{4E73A423-4414-4670-A7AB-9F935A83B183}.Debug|Any CPU.Build.0 = Debug|Any CPU
		{4E73A423-4414-4670-A7AB-9F935A83B183}.Release|Any CPU.ActiveCfg = Release|Any CPU
		{4E73A423-4414-4670-A7AB-9F935A83B183}.Release|Any CPU.Build.0 = Release|Any CPU
		{30C38F51-8DE4-4B88-810D-119CA35F2D12}.Debug|Any CPU.ActiveCfg = Debug|Any CPU
		{30C38F51-8DE4-4B88-810D-119CA35F2D12}.Debug|Any CPU.Build.0 = Debug|Any CPU
		{30C38F51-8DE4-4B88-810D-119CA35F2D12}.Release|Any CPU.ActiveCfg = Release|Any CPU
		{30C38F51-8DE4-4B88-810D-119CA35F2D12}.Release|Any CPU.Build.0 = Release|Any CPU
	EndGlobalSection
	GlobalSection(SolutionProperties) = preSolution
		HideSolutionNode = FALSE
	EndGlobalSection
	GlobalSection(ExtensibilityGlobals) = postSolution
		SolutionGuid = {9A7DD528-ED2B-4F68-A6C2-4543D168B43B}
	EndGlobalSection
EndGlobal
