
Microsoft Visual Studio Solution File, Format Version 12.00
# Visual Studio 15
VisualStudioVersion = 15.0.28307.421
MinimumVisualStudioVersion = 10.0.40219.1
Project("{FAE04EC0-301F-11D3-BF4B-00C04F79EFBC}") = "wordchain_GUI", "wordchain_GUI\wordchain_GUI.csproj", "{0CAC6892-7307-4703-9375-484AC8A8801A}"
EndProject
Global
	GlobalSection(SolutionConfigurationPlatforms) = preSolution
		Debug|Any CPU = Debug|Any CPU
		Release|Any CPU = Release|Any CPU
	EndGlobalSection
	GlobalSection(ProjectConfigurationPlatforms) = postSolution
		{0CAC6892-7307-4703-9375-484AC8A8801A}.Debug|Any CPU.ActiveCfg = Debug|Any CPU
		{0CAC6892-7307-4703-9375-484AC8A8801A}.Debug|Any CPU.Build.0 = Debug|Any CPU
		{0CAC6892-7307-4703-9375-484AC8A8801A}.Release|Any CPU.ActiveCfg = Release|Any CPU
		{0CAC6892-7307-4703-9375-484AC8A8801A}.Release|Any CPU.Build.0 = Release|Any CPU
	EndGlobalSection
	GlobalSection(SolutionProperties) = preSolution
		HideSolutionNode = FALSE
	EndGlobalSection
	GlobalSection(ExtensibilityGlobals) = postSolution
		SolutionGuid = {92671B85-E1F7-49EE-A77A-A086957965AB}
	EndGlobalSection
EndGlobal
